PODS:
  - device_info_plus (0.0.1):
    - FlutterMacOS
  - file_selector_macos (0.0.1):
    - FlutterMacOS
  - flutter_blue_plus (0.0.1):
    - FlutterMacOS
  - flutter_inappwebview_macos (0.0.1):
    - FlutterMacOS
    - OrderedSet (~> 6.0.3)
  - flutter_local_notifications (0.0.1):
    - FlutterMacOS
  - FlutterMacOS (1.0.0)
  - HotKey (0.2.1)
  - hotkey_manager_macos (0.0.1):
    - FlutterMacOS
    - HotKey
  - irondash_engine_context (0.0.1):
    - FlutterMacOS
  - isar_flutter_libs (1.0.0):
    - FlutterMacOS
  - lp_image_handle_ffi (0.0.1):
    - FlutterMacOS
  - lp_plugin (0.0.1):
    - FlutterMacOS
  - macos_window_utils (1.0.0):
    - FlutterMacOS
  - mobile_scanner (5.2.3):
    - FlutterMacOS
  - network_info_plus (0.0.1):
    - FlutterMacOS
  - nsd_macos (0.0.1):
    - FlutterMacOS
  - OrderedSet (6.0.3)
  - package_info_plus (0.0.1):
    - FlutterMacOS
  - path_provider_foundation (0.0.1):
    - Flutter
    - FlutterMacOS
  - screen_retriever_macos (0.0.1):
    - FlutterMacOS
  - share_plus (0.0.1):
    - FlutterMacOS
  - sqflite_darwin (0.0.4):
    - Flutter
    - FlutterMacOS
  - super_native_extensions (0.0.1):
    - FlutterMacOS
  - url_launcher_macos (0.0.1):
    - FlutterMacOS
  - window_manager (0.2.0):
    - FlutterMacOS

DEPENDENCIES:
  - device_info_plus (from `Flutter/ephemeral/.symlinks/plugins/device_info_plus/macos`)
  - file_selector_macos (from `Flutter/ephemeral/.symlinks/plugins/file_selector_macos/macos`)
  - flutter_blue_plus (from `Flutter/ephemeral/.symlinks/plugins/flutter_blue_plus/macos`)
  - flutter_inappwebview_macos (from `Flutter/ephemeral/.symlinks/plugins/flutter_inappwebview_macos/macos`)
  - flutter_local_notifications (from `Flutter/ephemeral/.symlinks/plugins/flutter_local_notifications/macos`)
  - FlutterMacOS (from `Flutter/ephemeral`)
  - hotkey_manager_macos (from `Flutter/ephemeral/.symlinks/plugins/hotkey_manager_macos/macos`)
  - irondash_engine_context (from `Flutter/ephemeral/.symlinks/plugins/irondash_engine_context/macos`)
  - isar_flutter_libs (from `Flutter/ephemeral/.symlinks/plugins/isar_flutter_libs/macos`)
  - lp_image_handle_ffi (from `Flutter/ephemeral/.symlinks/plugins/lp_image_handle_ffi/macos`)
  - lp_plugin (from `Flutter/ephemeral/.symlinks/plugins/lp_plugin/macos`)
  - macos_window_utils (from `Flutter/ephemeral/.symlinks/plugins/macos_window_utils/macos`)
  - mobile_scanner (from `Flutter/ephemeral/.symlinks/plugins/mobile_scanner/macos`)
  - network_info_plus (from `Flutter/ephemeral/.symlinks/plugins/network_info_plus/macos`)
  - nsd_macos (from `Flutter/ephemeral/.symlinks/plugins/nsd_macos/macos`)
  - package_info_plus (from `Flutter/ephemeral/.symlinks/plugins/package_info_plus/macos`)
  - path_provider_foundation (from `Flutter/ephemeral/.symlinks/plugins/path_provider_foundation/darwin`)
  - screen_retriever_macos (from `Flutter/ephemeral/.symlinks/plugins/screen_retriever_macos/macos`)
  - share_plus (from `Flutter/ephemeral/.symlinks/plugins/share_plus/macos`)
  - sqflite_darwin (from `Flutter/ephemeral/.symlinks/plugins/sqflite_darwin/darwin`)
  - super_native_extensions (from `Flutter/ephemeral/.symlinks/plugins/super_native_extensions/macos`)
  - url_launcher_macos (from `Flutter/ephemeral/.symlinks/plugins/url_launcher_macos/macos`)
  - window_manager (from `Flutter/ephemeral/.symlinks/plugins/window_manager/macos`)

SPEC REPOS:
  trunk:
    - HotKey
    - OrderedSet

EXTERNAL SOURCES:
  device_info_plus:
    :path: Flutter/ephemeral/.symlinks/plugins/device_info_plus/macos
  file_selector_macos:
    :path: Flutter/ephemeral/.symlinks/plugins/file_selector_macos/macos
  flutter_blue_plus:
    :path: Flutter/ephemeral/.symlinks/plugins/flutter_blue_plus/macos
  flutter_inappwebview_macos:
    :path: Flutter/ephemeral/.symlinks/plugins/flutter_inappwebview_macos/macos
  flutter_local_notifications:
    :path: Flutter/ephemeral/.symlinks/plugins/flutter_local_notifications/macos
  FlutterMacOS:
    :path: Flutter/ephemeral
  hotkey_manager_macos:
    :path: Flutter/ephemeral/.symlinks/plugins/hotkey_manager_macos/macos
  irondash_engine_context:
    :path: Flutter/ephemeral/.symlinks/plugins/irondash_engine_context/macos
  isar_flutter_libs:
    :path: Flutter/ephemeral/.symlinks/plugins/isar_flutter_libs/macos
  lp_image_handle_ffi:
    :path: Flutter/ephemeral/.symlinks/plugins/lp_image_handle_ffi/macos
  lp_plugin:
    :path: Flutter/ephemeral/.symlinks/plugins/lp_plugin/macos
  macos_window_utils:
    :path: Flutter/ephemeral/.symlinks/plugins/macos_window_utils/macos
  mobile_scanner:
    :path: Flutter/ephemeral/.symlinks/plugins/mobile_scanner/macos
  network_info_plus:
    :path: Flutter/ephemeral/.symlinks/plugins/network_info_plus/macos
  nsd_macos:
    :path: Flutter/ephemeral/.symlinks/plugins/nsd_macos/macos
  package_info_plus:
    :path: Flutter/ephemeral/.symlinks/plugins/package_info_plus/macos
  path_provider_foundation:
    :path: Flutter/ephemeral/.symlinks/plugins/path_provider_foundation/darwin
  screen_retriever_macos:
    :path: Flutter/ephemeral/.symlinks/plugins/screen_retriever_macos/macos
  share_plus:
    :path: Flutter/ephemeral/.symlinks/plugins/share_plus/macos
  sqflite_darwin:
    :path: Flutter/ephemeral/.symlinks/plugins/sqflite_darwin/darwin
  super_native_extensions:
    :path: Flutter/ephemeral/.symlinks/plugins/super_native_extensions/macos
  url_launcher_macos:
    :path: Flutter/ephemeral/.symlinks/plugins/url_launcher_macos/macos
  window_manager:
    :path: Flutter/ephemeral/.symlinks/plugins/window_manager/macos

SPEC CHECKSUMS:
  device_info_plus: 1b14eed9bf95428983aed283a8d51cce3d8c4215
  file_selector_macos: cc3858c981fe6889f364731200d6232dac1d812d
  flutter_blue_plus: e2868679021f19d12a8c0c58a33f1df66ec7fa6a
  flutter_inappwebview_macos: bdf207b8f4ebd58e86ae06cd96b147de99a67c9b
  flutter_local_notifications: 7062189aabf7f50938a7b8b6614ffa97656eb0bf
  FlutterMacOS: 8f6f14fa908a6fb3fba0cd85dbd81ec4b251fb24
  HotKey: 400beb7caa29054ea8d864c96f5ba7e5b4852277
  hotkey_manager_macos: 1e2edb0c7ae4fe67108af44a9d3445de41404160
  irondash_engine_context: da62996ee25616d2f01bbeb85dc115d813359478
  isar_flutter_libs: 43385c99864c168fadba7c9adeddc5d38838ca6a
  lp_image_handle_ffi: 8511a5743cc0545a62b862a835deba55cd9e14f9
  lp_plugin: 441682b1fcc14edd565762e7110099337296022a
  macos_window_utils: 933f91f64805e2eb91a5bd057cf97cd097276663
  mobile_scanner: 0a05256215b047af27b9495db3b77640055e8824
  network_info_plus: 2cb02d8435635eae13b3b79279681985121cf30c
  nsd_macos: 1a38a38a33adbb396b4c6f303bc076073514cadc
  OrderedSet: e539b66b644ff081c73a262d24ad552a69be3a94
  package_info_plus: 12f1c5c2cfe8727ca46cbd0b26677728972d9a5b
  path_provider_foundation: 2b6b4c569c0fb62ec74538f866245ac84301af46
  screen_retriever_macos: 776e0fa5d42c6163d2bf772d22478df4b302b161
  share_plus: 1fa619de8392a4398bfaf176d441853922614e89
  sqflite_darwin: 5a7236e3b501866c1c9befc6771dfd73ffb8702d
  super_native_extensions: 85efee3a7495b46b04befcfc86ed12069264ebf3
  url_launcher_macos: c82c93949963e55b228a30115bd219499a6fe404
  window_manager: 3a1844359a6295ab1e47659b1a777e36773cd6e8

PODFILE CHECKSUM: 16208599a12443d53889ba2270a4985981cfb204

COCOAPODS: 1.15.2
